// !$*UTF8*$!
{
	archiveVersion = 1;
	classes = {
	};
	objectVersion = 46;
	objects = {

/* Begin PBXBuildFile section */
		E99A578949C05227992FD964 /* Pods_melissatjhia_pset6.framework in Frameworks */ = {isa = PBXBuildFile; fileRef = CE8A929BCF358F01A35C73AD /* Pods_melissatjhia_pset6.framework */; };
		F003278F1DFB17F600E0E0CC /* SavedItem.swift in Sources */ = {isa = PBXBuildFile; fileRef = F003278E1DFB17F600E0E0CC /* SavedItem.swift */; };
		F00327911DFB1CCB00E0E0CC /* User.swift in Sources */ = {isa = PBXBuildFile; fileRef = F00327901DFB1CCB00E0E0CC /* User.swift */; };
		F00327931DFB2B5C00E0E0CC /* ShopItem.swift in Sources */ = {isa = PBXBuildFile; fileRef = F00327921DFB2B5C00E0E0CC /* ShopItem.swift */; };
		F0346FD61DF9B4F400843374 /* DetailedViewController.swift in Sources */ = {isa = PBXBuildFile; fileRef = F0346FD51DF9B4F400843374 /* DetailedViewController.swift */; };
		F0620C8E1DF8A4C900C3E323 /* SingleTableViewCell.swift in Sources */ = {isa = PBXBuildFile; fileRef = F0620C8D1DF8A4C900C3E323 /* SingleTableViewCell.swift */; };
		F0ABF1731DF8340F008F6068 /* GoogleService-Info.plist in Resources */ = {isa = PBXBuildFile; fileRef = F0ABF1721DF8340F008F6068 /* GoogleService-Info.plist */; };
		F0CFA8BF1DF6C85600488990 /* AppDelegate.swift in Sources */ = {isa = PBXBuildFile; fileRef = F0CFA8BE1DF6C85600488990 /* AppDelegate.swift */; };
		F0CFA8C11DF6C85600488990 /* FavoritesViewController.swift in Sources */ = {isa = PBXBuildFile; fileRef = F0CFA8C01DF6C85600488990 /* FavoritesViewController.swift */; };
		F0CFA8C31DF6C85600488990 /* SearchViewController.swift in Sources */ = {isa = PBXBuildFile; fileRef = F0CFA8C21DF6C85600488990 /* SearchViewController.swift */; };
		F0CFA8C61DF6C85600488990 /* Main.storyboard in Resources */ = {isa = PBXBuildFile; fileRef = F0CFA8C41DF6C85600488990 /* Main.storyboard */; };
		F0CFA8C81DF6C85600488990 /* Assets.xcassets in Resources */ = {isa = PBXBuildFile; fileRef = F0CFA8C71DF6C85600488990 /* Assets.xcassets */; };
		F0CFA8CB1DF6C85600488990 /* LaunchScreen.storyboard in Resources */ = {isa = PBXBuildFile; fileRef = F0CFA8C91DF6C85600488990 /* LaunchScreen.storyboard */; };
		F0DD4E8A1DF82C34009766BC /* LoginViewController.swift in Sources */ = {isa = PBXBuildFile; fileRef = F0DD4E891DF82C34009766BC /* LoginViewController.swift */; };
/* End PBXBuildFile section */

/* Begin PBXFileReference section */
		18397C6E2462C75AA83D4FA7 /* Pods-melissatjhia-pset6.release.xcconfig */ = {isa = PBXFileReference; includeInIndex = 1; lastKnownFileType = text.xcconfig; name = "Pods-melissatjhia-pset6.release.xcconfig"; path = "Pods/Target Support Files/Pods-melissatjhia-pset6/Pods-melissatjhia-pset6.release.xcconfig"; sourceTree = "<group>"; };
		748A04C2848AD6A2A9142BA6 /* Pods-melissatjhia-pset6.debug.xcconfig */ = {isa = PBXFileReference; includeInIndex = 1; lastKnownFileType = text.xcconfig; name = "Pods-melissatjhia-pset6.debug.xcconfig"; path = "Pods/Target Support Files/Pods-melissatjhia-pset6/Pods-melissatjhia-pset6.debug.xcconfig"; sourceTree = "<group>"; };
		CE8A929BCF358F01A35C73AD /* Pods_melissatjhia_pset6.framework */ = {isa = PBXFileReference; explicitFileType = wrapper.framework; includeInIndex = 0; path = Pods_melissatjhia_pset6.framework; sourceTree = BUILT_PRODUCTS_DIR; };
		F003278E1DFB17F600E0E0CC /* SavedItem.swift */ = {isa = PBXFileReference; fileEncoding = 4; lastKnownFileType = sourcecode.swift; path = SavedItem.swift; sourceTree = "<group>"; };
		F00327901DFB1CCB00E0E0CC /* User.swift */ = {isa = PBXFileReference; fileEncoding = 4; lastKnownFileType = sourcecode.swift; path = User.swift; sourceTree = "<group>"; };
		F00327921DFB2B5C00E0E0CC /* ShopItem.swift */ = {isa = PBXFileReference; fileEncoding = 4; lastKnownFileType = sourcecode.swift; path = ShopItem.swift; sourceTree = "<group>"; };
		F0346FD51DF9B4F400843374 /* DetailedViewController.swift */ = {isa = PBXFileReference; fileEncoding = 4; lastKnownFileType = sourcecode.swift; path = DetailedViewController.swift; sourceTree = "<group>"; };
		F0620C8D1DF8A4C900C3E323 /* SingleTableViewCell.swift */ = {isa = PBXFileReference; fileEncoding = 4; lastKnownFileType = sourcecode.swift; path = SingleTableViewCell.swift; sourceTree = "<group>"; };
		F0ABF1721DF8340F008F6068 /* GoogleService-Info.plist */ = {isa = PBXFileReference; fileEncoding = 4; lastKnownFileType = text.plist.xml; path = "GoogleService-Info.plist"; sourceTree = "<group>"; };
		F0ABF1751DF83839008F6068 /* melissatjhia-pset6.entitlements */ = {isa = PBXFileReference; lastKnownFileType = text.plist.entitlements; path = "melissatjhia-pset6.entitlements"; sourceTree = "<group>"; };
		F0CFA8BB1DF6C85600488990 /* melissatjhia-pset6.app */ = {isa = PBXFileReference; explicitFileType = wrapper.application; includeInIndex = 0; path = "melissatjhia-pset6.app"; sourceTree = BUILT_PRODUCTS_DIR; };
		F0CFA8BE1DF6C85600488990 /* AppDelegate.swift */ = {isa = PBXFileReference; lastKnownFileType = sourcecode.swift; path = AppDelegate.swift; sourceTree = "<group>"; };
		F0CFA8C01DF6C85600488990 /* FavoritesViewController.swift */ = {isa = PBXFileReference; lastKnownFileType = sourcecode.swift; path = FavoritesViewController.swift; sourceTree = "<group>"; };
		F0CFA8C21DF6C85600488990 /* SearchViewController.swift */ = {isa = PBXFileReference; lastKnownFileType = sourcecode.swift; path = SearchViewController.swift; sourceTree = "<group>"; };
		F0CFA8C51DF6C85600488990 /* Base */ = {isa = PBXFileReference; lastKnownFileType = file.storyboard; name = Base; path = Base.lproj/Main.storyboard; sourceTree = "<group>"; };
		F0CFA8C71DF6C85600488990 /* Assets.xcassets */ = {isa = PBXFileReference; lastKnownFileType = folder.assetcatalog; path = Assets.xcassets; sourceTree = "<group>"; };
		F0CFA8CA1DF6C85600488990 /* Base */ = {isa = PBXFileReference; lastKnownFileType = file.storyboard; name = Base; path = Base.lproj/LaunchScreen.storyboard; sourceTree = "<group>"; };
		F0CFA8CC1DF6C85600488990 /* Info.plist */ = {isa = PBXFileReference; lastKnownFileType = text.plist.xml; path = Info.plist; sourceTree = "<group>"; };
		F0DD4E891DF82C34009766BC /* LoginViewController.swift */ = {isa = PBXFileReference; fileEncoding = 4; lastKnownFileType = sourcecode.swift; path = LoginViewController.swift; sourceTree = "<group>"; };
/* End PBXFileReference section */

/* Begin PBXFrameworksBuildPhase section */
		F0CFA8B81DF6C85600488990 /* Frameworks */ = {
			isa = PBXFrameworksBuildPhase;
			buildActionMask = 2147483647;
			files = (
				E99A578949C05227992FD964 /* Pods_melissatjhia_pset6.framework in Frameworks */,
			);
			runOnlyForDeploymentPostprocessing = 0;
		};
/* End PBXFrameworksBuildPhase section */

/* Begin PBXGroup section */
		CDC5B581D750563F65CB7B69 /* Pods */ = {
			isa = PBXGroup;
			children = (
				748A04C2848AD6A2A9142BA6 /* Pods-melissatjhia-pset6.debug.xcconfig */,
				18397C6E2462C75AA83D4FA7 /* Pods-melissatjhia-pset6.release.xcconfig */,
			);
			name = Pods;
			sourceTree = "<group>";
		};
		D6A33C6416A5A1A6AF553BED /* Frameworks */ = {
			isa = PBXGroup;
			children = (
				CE8A929BCF358F01A35C73AD /* Pods_melissatjhia_pset6.framework */,
			);
			name = Frameworks;
			sourceTree = "<group>";
		};
		F0CFA8B21DF6C85600488990 = {
			isa = PBXGroup;
			children = (
				F0CFA8BD1DF6C85600488990 /* melissatjhia-pset6 */,
				F0CFA8BC1DF6C85600488990 /* Products */,
				CDC5B581D750563F65CB7B69 /* Pods */,
				D6A33C6416A5A1A6AF553BED /* Frameworks */,
			);
			sourceTree = "<group>";
		};
		F0CFA8BC1DF6C85600488990 /* Products */ = {
			isa = PBXGroup;
			children = (
				F0CFA8BB1DF6C85600488990 /* melissatjhia-pset6.app */,
			);
			name = Products;
			sourceTree = "<group>";
		};
		F0CFA8BD1DF6C85600488990 /* melissatjhia-pset6 */ = {
			isa = PBXGroup;
			children = (
				F0ABF1751DF83839008F6068 /* melissatjhia-pset6.entitlements */,
				F0CFA8BE1DF6C85600488990 /* AppDelegate.swift */,
				F00327921DFB2B5C00E0E0CC /* ShopItem.swift */,
				F0CFA8C01DF6C85600488990 /* FavoritesViewController.swift */,
				F0CFA8C21DF6C85600488990 /* SearchViewController.swift */,
				F0346FD51DF9B4F400843374 /* DetailedViewController.swift */,
				F00327901DFB1CCB00E0E0CC /* User.swift */,
				F003278E1DFB17F600E0E0CC /* SavedItem.swift */,
				F0CFA8C41DF6C85600488990 /* Main.storyboard */,
				F0620C8D1DF8A4C900C3E323 /* SingleTableViewCell.swift */,
				F0DD4E891DF82C34009766BC /* LoginViewController.swift */,
				F0CFA8C71DF6C85600488990 /* Assets.xcassets */,
				F0CFA8C91DF6C85600488990 /* LaunchScreen.storyboard */,
				F0CFA8CC1DF6C85600488990 /* Info.plist */,
				F0ABF1721DF8340F008F6068 /* GoogleService-Info.plist */,
			);
			path = "melissatjhia-pset6";
			sourceTree = "<group>";
		};
/* End PBXGroup section */

/* Begin PBXNativeTarget section */
		F0CFA8BA1DF6C85600488990 /* melissatjhia-pset6 */ = {
			isa = PBXNativeTarget;
			buildConfigurationList = F0CFA8CF1DF6C85600488990 /* Build configuration list for PBXNativeTarget "melissatjhia-pset6" */;
			buildPhases = (
				B9AA3E93A4BA21EF591AF6F8 /* [CP] Check Pods Manifest.lock */,
				F0CFA8B71DF6C85600488990 /* Sources */,
				F0CFA8B81DF6C85600488990 /* Frameworks */,
				F0CFA8B91DF6C85600488990 /* Resources */,
				DBEF7F61B257A8BEAEA452B5 /* [CP] Embed Pods Frameworks */,
				941C251345C6E5FCC6E2F9BE /* [CP] Copy Pods Resources */,
			);
			buildRules = (
			);
			dependencies = (
			);
			name = "melissatjhia-pset6";
			productName = "melissatjhia-pset6";
			productReference = F0CFA8BB1DF6C85600488990 /* melissatjhia-pset6.app */;
			productType = "com.apple.product-type.application";
		};
/* End PBXNativeTarget section */

/* Begin PBXProject section */
		F0CFA8B31DF6C85600488990 /* Project object */ = {
			isa = PBXProject;
			attributes = {
				LastSwiftUpdateCheck = 0810;
				LastUpgradeCheck = 0810;
				ORGANIZATIONNAME = "Melissa Tjhia";
				TargetAttributes = {
					F0CFA8BA1DF6C85600488990 = {
						CreatedOnToolsVersion = 8.1;
						DevelopmentTeam = WG239Y9EWK;
						ProvisioningStyle = Automatic;
						SystemCapabilities = {
							com.apple.Keychain = {
								enabled = 1;
							};
						};
					};
				};
			};
			buildConfigurationList = F0CFA8B61DF6C85600488990 /* Build configuration list for PBXProject "melissatjhia-pset6" */;
			compatibilityVersion = "Xcode 3.2";
			developmentRegion = English;
			hasScannedForEncodings = 0;
			knownRegions = (
				en,
				Base,
			);
			mainGroup = F0CFA8B21DF6C85600488990;
			productRefGroup = F0CFA8BC1DF6C85600488990 /* Products */;
			projectDirPath = "";
			projectRoot = "";
			targets = (
				F0CFA8BA1DF6C85600488990 /* melissatjhia-pset6 */,
			);
		};
/* End PBXProject section */

/* Begin PBXResourcesBuildPhase section */
		F0CFA8B91DF6C85600488990 /* Resources */ = {
			isa = PBXResourcesBuildPhase;
			buildActionMask = 2147483647;
			files = (
				F0CFA8CB1DF6C85600488990 /* LaunchScreen.storyboard in Resources */,
				F0ABF1731DF8340F008F6068 /* GoogleService-Info.plist in Resources */,
				F0CFA8C81DF6C85600488990 /* Assets.xcassets in Resources */,
				F0CFA8C61DF6C85600488990 /* Main.storyboard in Resources */,
			);
			runOnlyForDeploymentPostprocessing = 0;
		};
/* End PBXResourcesBuildPhase section */

/* Begin PBXShellScriptBuildPhase section */
		941C251345C6E5FCC6E2F9BE /* [CP] Copy Pods Resources */ = {
			isa = PBXShellScriptBuildPhase;
			buildActionMask = 2147483647;
			files = (
			);
			inputPaths = (
			);
			name = "[CP] Copy Pods Resources";
			outputPaths = (
			);
			runOnlyForDeploymentPostprocessing = 0;
			shellPath = /bin/sh;
			shellScript = "\"${SRCROOT}/Pods/Target Support Files/Pods-melissatjhia-pset6/Pods-melissatjhia-pset6-resources.sh\"\n";
			showEnvVarsInLog = 0;
		};
		B9AA3E93A4BA21EF591AF6F8 /* [CP] Check Pods Manifest.lock */ = {
			isa = PBXShellScriptBuildPhase;
			buildActionMask = 2147483647;
			files = (
			);
			inputPaths = (
			);
			name = "[CP] Check Pods Manifest.lock";
			outputPaths = (
			);
			runOnlyForDeploymentPostprocessing = 0;
			shellPath = /bin/sh;
			shellScript = "diff \"${PODS_ROOT}/../Podfile.lock\" \"${PODS_ROOT}/Manifest.lock\" > /dev/null\nif [ $? != 0 ] ; then\n    # print error to STDERR\n    echo \"error: The sandbox is not in sync with the Podfile.lock. Run 'pod install' or update your CocoaPods installation.\" >&2\n    exit 1\nfi\n";
			showEnvVarsInLog = 0;
		};
		DBEF7F61B257A8BEAEA452B5 /* [CP] Embed Pods Frameworks */ = {
			isa = PBXShellScriptBuildPhase;
			buildActionMask = 2147483647;
			files = (
			);
			inputPaths = (
			);
			name = "[CP] Embed Pods Frameworks";
			outputPaths = (
			);
			runOnlyForDeploymentPostprocessing = 0;
			shellPath = /bin/sh;
			shellScript = "\"${SRCROOT}/Pods/Target Support Files/Pods-melissatjhia-pset6/Pods-melissatjhia-pset6-frameworks.sh\"\n";
			showEnvVarsInLog = 0;
		};
/* End PBXShellScriptBuildPhase section */

/* Begin PBXSourcesBuildPhase section */
		F0CFA8B71DF6C85600488990 /* Sources */ = {
			isa = PBXSourcesBuildPhase;
			buildActionMask = 2147483647;
			files = (
				F0346FD61DF9B4F400843374 /* DetailedViewController.swift in Sources */,
				F0DD4E8A1DF82C34009766BC /* LoginViewController.swift in Sources */,
				F0CFA8C31DF6C85600488990 /* SearchViewController.swift in Sources */,
				F0CFA8BF1DF6C85600488990 /* AppDelegate.swift in Sources */,
				F003278F1DFB17F600E0E0CC /* SavedItem.swift in Sources */,
				F00327931DFB2B5C00E0E0CC /* ShopItem.swift in Sources */,
				F00327911DFB1CCB00E0E0CC /* User.swift in Sources */,
				F0620C8E1DF8A4C900C3E323 /* SingleTableViewCell.swift in Sources */,
				F0CFA8C11DF6C85600488990 /* FavoritesViewController.swift in Sources */,
			);
			runOnlyForDeploymentPostprocessing = 0;
		};
/* End PBXSourcesBuildPhase section */

/* Begin PBXVariantGroup section */
		F0CFA8C41DF6C85600488990 /* Main.storyboard */ = {
			isa = PBXVariantGroup;
			children = (
				F0CFA8C51DF6C85600488990 /* Base */,
			);
			name = Main.storyboard;
			sourceTree = "<group>";
		};
		F0CFA8C91DF6C85600488990 /* LaunchScreen.storyboard */ = {
			isa = PBXVariantGroup;
			children = (
				F0CFA8CA1DF6C85600488990 /* Base */,
			);
			name = LaunchScreen.storyboard;
			sourceTree = "<group>";
		};
/* End PBXVariantGroup section */

/* Begin XCBuildConfiguration section */
		F0CFA8CD1DF6C85600488990 /* Debug */ = {
			isa = XCBuildConfiguration;
			buildSettings = {
				ALWAYS_SEARCH_USER_PATHS = NO;
				CLANG_ANALYZER_NONNULL = YES;
				CLANG_CXX_LANGUAGE_STANDARD = "gnu++0x";
				CLANG_CXX_LIBRARY = "libc++";
				CLANG_ENABLE_MODULES = YES;
				CLANG_ENABLE_OBJC_ARC = YES;
				CLANG_WARN_BOOL_CONVERSION = YES;
				CLANG_WARN_CONSTANT_CONVERSION = YES;
				CLANG_WARN_DIRECT_OBJC_ISA_USAGE = YES_ERROR;
				CLANG_WARN_DOCUMENTATION_COMMENTS = YES;
				CLANG_WARN_EMPTY_BODY = YES;
				CLANG_WARN_ENUM_CONVERSION = YES;
				CLANG_WARN_INFINITE_RECURSION = YES;
				CLANG_WARN_INT_CONVERSION = YES;
				CLANG_WARN_OBJC_ROOT_CLASS = YES_ERROR;
				CLANG_WARN_SUSPICIOUS_MOVES = YES;
				CLANG_WARN_UNREACHABLE_CODE = YES;
				CLANG_WARN__DUPLICATE_METHOD_MATCH = YES;
				"CODE_SIGN_IDENTITY[sdk=iphoneos*]" = "iPhone Developer";
				COPY_PHASE_STRIP = NO;
				DEBUG_INFORMATION_FORMAT = dwarf;
				ENABLE_STRICT_OBJC_MSGSEND = YES;
				ENABLE_TESTABILITY = YES;
				GCC_C_LANGUAGE_STANDARD = gnu99;
				GCC_DYNAMIC_NO_PIC = NO;
				GCC_NO_COMMON_BLOCKS = YES;
				GCC_OPTIMIZATION_LEVEL = 0;
				GCC_PREPROCESSOR_DEFINITIONS = (
					"DEBUG=1",
					"$(inherited)",
				);
				GCC_WARN_64_TO_32_BIT_CONVERSION = YES;
				GCC_WARN_ABOUT_RETURN_TYPE = YES_ERROR;
				GCC_WARN_UNDECLARED_SELECTOR = YES;
				GCC_WARN_UNINITIALIZED_AUTOS = YES_AGGRESSIVE;
				GCC_WARN_UNUSED_FUNCTION = YES;
				GCC_WARN_UNUSED_VARIABLE = YES;
				IPHONEOS_DEPLOYMENT_TARGET = 10.1;
				MTL_ENABLE_DEBUG_INFO = YES;
				ONLY_ACTIVE_ARCH = YES;
				SDKROOT = iphoneos;
				SWIFT_ACTIVE_COMPILATION_CONDITIONS = DEBUG;
				SWIFT_OPTIMIZATION_LEVEL = "-Onone";
				TARGETED_DEVICE_FAMILY = "1,2";
			};
			name = Debug;
		};
		F0CFA8CE1DF6C85600488990 /* Release */ = {
			isa = XCBuildConfiguration;
			buildSettings = {
				ALWAYS_SEARCH_USER_PATHS = NO;
				CLANG_ANALYZER_NONNULL = YES;
				CLANG_CXX_LANGUAGE_STANDARD = "gnu++0x";
				CLANG_CXX_LIBRARY = "libc++";
				CLANG_ENABLE_MODULES = YES;
				CLANG_ENABLE_OBJC_ARC = YES;
				CLANG_WARN_BOOL_CONVERSION = YES;
				CLANG_WARN_CONSTANT_CONVERSION = YES;
				CLANG_WARN_DIRECT_OBJC_ISA_USAGE = YES_ERROR;
				CLANG_WARN_DOCUMENTATION_COMMENTS = YES;
				CLANG_WARN_EMPTY_BODY = YES;
				CLANG_WARN_ENUM_CONVERSION = YES;
				CLANG_WARN_INFINITE_RECURSION = YES;
				CLANG_WARN_INT_CONVERSION = YES;
				CLANG_WARN_OBJC_ROOT_CLASS = YES_ERROR;
				CLANG_WARN_SUSPICIOUS_MOVES = YES;
				CLANG_WARN_UNREACHABLE_CODE = YES;
				CLANG_WARN__DUPLICATE_METHOD_MATCH = YES;
				"CODE_SIGN_IDENTITY[sdk=iphoneos*]" = "iPhone Developer";
				COPY_PHASE_STRIP = NO;
				DEBUG_INFORMATION_FORMAT = "dwarf-with-dsym";
				ENABLE_NS_ASSERTIONS = NO;
				ENABLE_STRICT_OBJC_MSGSEND = YES;
				GCC_C_LANGUAGE_STANDARD = gnu99;
				GCC_NO_COMMON_BLOCKS = YES;
				GCC_WARN_64_TO_32_BIT_CONVERSION = YES;
				GCC_WARN_ABOUT_RETURN_TYPE = YES_ERROR;
				GCC_WARN_UNDECLARED_SELECTOR = YES;
				GCC_WARN_UNINITIALIZED_AUTOS = YES_AGGRESSIVE;
				GCC_WARN_UNUSED_FUNCTION = YES;
				GCC_WARN_UNUSED_VARIABLE = YES;
				IPHONEOS_DEPLOYMENT_TARGET = 10.1;
				MTL_ENABLE_DEBUG_INFO = NO;
				SDKROOT = iphoneos;
				SWIFT_OPTIMIZATION_LEVEL = "-Owholemodule";
				TARGETED_DEVICE_FAMILY = "1,2";
				VALIDATE_PRODUCT = YES;
			};
			name = Release;
		};
		F0CFA8D01DF6C85600488990 /* Debug */ = {
			isa = XCBuildConfiguration;
			baseConfigurationReference = 748A04C2848AD6A2A9142BA6 /* Pods-melissatjhia-pset6.debug.xcconfig */;
			buildSettings = {
				ASSETCATALOG_COMPILER_APPICON_NAME = AppIcon;
				CODE_SIGN_ENTITLEMENTS = "melissatjhia-pset6/melissatjhia-pset6.entitlements";
				DEVELOPMENT_TEAM = WG239Y9EWK;
				INFOPLIST_FILE = "melissatjhia-pset6/Info.plist";
				LD_RUNPATH_SEARCH_PATHS = "$(inherited) @executable_path/Frameworks";
				PRODUCT_BUNDLE_IDENTIFIER = "nl.mprog.melissatjhia-pset6";
				PRODUCT_NAME = "$(TARGET_NAME)";
				SWIFT_VERSION = 3.0;
			};
			name = Debug;
		};
		F0CFA8D11DF6C85600488990 /* Release */ = {
			isa = XCBuildConfiguration;
			baseConfigurationReference = 18397C6E2462C75AA83D4FA7 /* Pods-melissatjhia-pset6.release.xcconfig */;
			buildSettings = {
				ASSETCATALOG_COMPILER_APPICON_NAME = AppIcon;
				CODE_SIGN_ENTITLEMENTS = "melissatjhia-pset6/melissatjhia-pset6.entitlements";
				DEVELOPMENT_TEAM = WG239Y9EWK;
				INFOPLIST_FILE = "melissatjhia-pset6/Info.plist";
				LD_RUNPATH_SEARCH_PATHS = "$(inherited) @executable_path/Frameworks";
				PRODUCT_BUNDLE_IDENTIFIER = "nl.mprog.melissatjhia-pset6";
				PRODUCT_NAME = "$(TARGET_NAME)";
				SWIFT_VERSION = 3.0;
			};
			name = Release;
		};
/* End XCBuildConfiguration section */

/* Begin XCConfigurationList section */
		F0CFA8B61DF6C85600488990 /* Build configuration list for PBXProject "melissatjhia-pset6" */ = {
			isa = XCConfigurationList;
			buildConfigurations = (
				F0CFA8CD1DF6C85600488990 /* Debug */,
				F0CFA8CE1DF6C85600488990 /* Release */,
			);
			defaultConfigurationIsVisible = 0;
			defaultConfigurationName = Release;
		};
		F0CFA8CF1DF6C85600488990 /* Build configuration list for PBXNativeTarget "melissatjhia-pset6" */ = {
			isa = XCConfigurationList;
			buildConfigurations = (
				F0CFA8D01DF6C85600488990 /* Debug */,
				F0CFA8D11DF6C85600488990 /* Release */,
			);
			defaultConfigurationIsVisible = 0;
			defaultConfigurationName = Release;
		};
/* End XCConfigurationList section */
	};
	rootObject = F0CFA8B31DF6C85600488990 /* Project object */;
}
